
Microsoft Visual Studio Solution File, Format Version 12.00
# Visual Studio 15
VisualStudioVersion = 15.0.28307.902
MinimumVisualStudioVersion = 10.0.40219.1
Project("{FAE04EC0-301F-11D3-BF4B-00C04F79EFBC}") = "Nuevo", "Nuevo\Nuevo.csproj", "{74974459-878C-4BE8-824B-D80436EB430A}"
EndProject
Global
	GlobalSection(SolutionConfigurationPlatforms) = preSolution
		Debug|Any CPU = Debug|Any CPU
		Release|Any CPU = Release|Any CPU
	EndGlobalSection
	GlobalSection(ProjectConfigurationPlatforms) = postSolution
		{74974459-878C-4BE8-824B-D80436EB430A}.Debug|Any CPU.ActiveCfg = Debug|Any CPU
		{74974459-878C-4BE8-824B-D80436EB430A}.Debug|Any CPU.Build.0 = Debug|Any CPU
		{74974459-878C-4BE8-824B-D80436EB430A}.Release|Any CPU.ActiveCfg = Release|Any CPU
		{74974459-878C-4BE8-824B-D80436EB430A}.Release|Any CPU.Build.0 = Release|Any CPU
	EndGlobalSection
	GlobalSection(SolutionProperties) = preSolution
		HideSolutionNode = FALSE
	EndGlobalSection
	GlobalSection(ExtensibilityGlobals) = postSolution
		SolutionGuid = {EDBF9C36-0A06-4FF1-A5C8-58732E7F3793}
	EndGlobalSection
EndGlobal
